// !$*UTF8*$!
{
	archiveVersion = 1;
	classes = {
	};
	objectVersion = 55;
	objects = {

/* Begin PBXBuildFile section */
		0404AEE72810B39600E03460 /* AppDelegate.swift in Sources */ = {isa = PBXBuildFile; fileRef = 0404AEE62810B39600E03460 /* AppDelegate.swift */; };
		0404AEEB2810B39600E03460 /* BreedsListViewController.swift in Sources */ = {isa = PBXBuildFile; fileRef = 0404AEEA2810B39600E03460 /* BreedsListViewController.swift */; };
		0404AEF02810B39700E03460 /* Assets.xcassets in Resources */ = {isa = PBXBuildFile; fileRef = 0404AEEF2810B39700E03460 /* Assets.xcassets */; };
		0404AEF32810B39700E03460 /* LaunchScreen.storyboard in Resources */ = {isa = PBXBuildFile; fileRef = 0404AEF12810B39700E03460 /* LaunchScreen.storyboard */; };
		0404AEFB2810BDBF00E03460 /* UIViewExtension.swift in Sources */ = {isa = PBXBuildFile; fileRef = 0404AEFA2810BDBF00E03460 /* UIViewExtension.swift */; };
		040CD88D2810EE5A00B57F12 /* APICall.swift in Sources */ = {isa = PBXBuildFile; fileRef = 040CD88C2810EE5A00B57F12 /* APICall.swift */; };
		041FC7C42814597B008AF4DA /* BreedsListTableViewCell.swift in Sources */ = {isa = PBXBuildFile; fileRef = 041FC7C32814597B008AF4DA /* BreedsListTableViewCell.swift */; };
		041FC7C628146381008AF4DA /* DogsPicturesTableViewCell.swift in Sources */ = {isa = PBXBuildFile; fileRef = 041FC7C528146381008AF4DA /* DogsPicturesTableViewCell.swift */; };
		044CD19B2818322E00FBA241 /* BreedsList.swift in Sources */ = {isa = PBXBuildFile; fileRef = 044CD19A2818322E00FBA241 /* BreedsList.swift */; };
		044CD19D2818325800FBA241 /* PicturesList.swift in Sources */ = {isa = PBXBuildFile; fileRef = 044CD19C2818325800FBA241 /* PicturesList.swift */; };
		044CD19F2818348700FBA241 /* DomainError.swift in Sources */ = {isa = PBXBuildFile; fileRef = 044CD19E2818348700FBA241 /* DomainError.swift */; };
		044CD1A32818357F00FBA241 /* DogRepository.swift in Sources */ = {isa = PBXBuildFile; fileRef = 044CD1A22818357F00FBA241 /* DogRepository.swift */; };
		044CD1A52818359D00FBA241 /* DogApiRepository.swift in Sources */ = {isa = PBXBuildFile; fileRef = 044CD1A42818359D00FBA241 /* DogApiRepository.swift */; };
		044CD1A8281842FD00FBA241 /* APIError.swift in Sources */ = {isa = PBXBuildFile; fileRef = 044CD1A7281842FD00FBA241 /* APIError.swift */; };
		044CD1AA2818440A00FBA241 /* DogDBRepository.swift in Sources */ = {isa = PBXBuildFile; fileRef = 044CD1A92818440A00FBA241 /* DogDBRepository.swift */; };
		047860C5281195D10040E2ED /* DogsPicturesViewController.swift in Sources */ = {isa = PBXBuildFile; fileRef = 047860C4281195D10040E2ED /* DogsPicturesViewController.swift */; };
		04CD46B428136715009DEC45 /* UIImageViewExtension.swift in Sources */ = {isa = PBXBuildFile; fileRef = 04CD46B328136715009DEC45 /* UIImageViewExtension.swift */; };
		04FB430D2816D7C400E74740 /* ApiRest.swift in Sources */ = {isa = PBXBuildFile; fileRef = 04FB430C2816D7C400E74740 /* ApiRest.swift */; };
/* End PBXBuildFile section */

/* Begin PBXFileReference section */
		0404AEE32810B39600E03460 /* DogCeoChallenge.app */ = {isa = PBXFileReference; explicitFileType = wrapper.application; includeInIndex = 0; path = DogCeoChallenge.app; sourceTree = BUILT_PRODUCTS_DIR; };
		0404AEE62810B39600E03460 /* AppDelegate.swift */ = {isa = PBXFileReference; lastKnownFileType = sourcecode.swift; path = AppDelegate.swift; sourceTree = "<group>"; };
		0404AEEA2810B39600E03460 /* BreedsListViewController.swift */ = {isa = PBXFileReference; lastKnownFileType = sourcecode.swift; path = BreedsListViewController.swift; sourceTree = "<group>"; };
		0404AEEF2810B39700E03460 /* Assets.xcassets */ = {isa = PBXFileReference; lastKnownFileType = folder.assetcatalog; path = Assets.xcassets; sourceTree = "<group>"; };
		0404AEF22810B39700E03460 /* Base */ = {isa = PBXFileReference; lastKnownFileType = file.storyboard; name = Base; path = Base.lproj/LaunchScreen.storyboard; sourceTree = "<group>"; };
		0404AEF42810B39700E03460 /* Info.plist */ = {isa = PBXFileReference; lastKnownFileType = text.plist.xml; path = Info.plist; sourceTree = "<group>"; };
		0404AEFA2810BDBF00E03460 /* UIViewExtension.swift */ = {isa = PBXFileReference; lastKnownFileType = sourcecode.swift; path = UIViewExtension.swift; sourceTree = "<group>"; };
		040CD88C2810EE5A00B57F12 /* APICall.swift */ = {isa = PBXFileReference; lastKnownFileType = sourcecode.swift; path = APICall.swift; sourceTree = "<group>"; };
		041FC7C32814597B008AF4DA /* BreedsListTableViewCell.swift */ = {isa = PBXFileReference; lastKnownFileType = sourcecode.swift; path = BreedsListTableViewCell.swift; sourceTree = "<group>"; };
		041FC7C528146381008AF4DA /* DogsPicturesTableViewCell.swift */ = {isa = PBXFileReference; lastKnownFileType = sourcecode.swift; path = DogsPicturesTableViewCell.swift; sourceTree = "<group>"; };
		044CD19A2818322E00FBA241 /* BreedsList.swift */ = {isa = PBXFileReference; lastKnownFileType = sourcecode.swift; path = BreedsList.swift; sourceTree = "<group>"; };
		044CD19C2818325800FBA241 /* PicturesList.swift */ = {isa = PBXFileReference; lastKnownFileType = sourcecode.swift; path = PicturesList.swift; sourceTree = "<group>"; };
		044CD19E2818348700FBA241 /* DomainError.swift */ = {isa = PBXFileReference; lastKnownFileType = sourcecode.swift; path = DomainError.swift; sourceTree = "<group>"; };
		044CD1A22818357F00FBA241 /* DogRepository.swift */ = {isa = PBXFileReference; lastKnownFileType = sourcecode.swift; path = DogRepository.swift; sourceTree = "<group>"; };
		044CD1A42818359D00FBA241 /* DogApiRepository.swift */ = {isa = PBXFileReference; lastKnownFileType = sourcecode.swift; path = DogApiRepository.swift; sourceTree = "<group>"; };
		044CD1A7281842FD00FBA241 /* APIError.swift */ = {isa = PBXFileReference; lastKnownFileType = sourcecode.swift; path = APIError.swift; sourceTree = "<group>"; };
		044CD1A92818440A00FBA241 /* DogDBRepository.swift */ = {isa = PBXFileReference; lastKnownFileType = sourcecode.swift; path = DogDBRepository.swift; sourceTree = "<group>"; };
		047860C4281195D10040E2ED /* DogsPicturesViewController.swift */ = {isa = PBXFileReference; lastKnownFileType = sourcecode.swift; path = DogsPicturesViewController.swift; sourceTree = "<group>"; };
		04CD46B328136715009DEC45 /* UIImageViewExtension.swift */ = {isa = PBXFileReference; lastKnownFileType = sourcecode.swift; path = UIImageViewExtension.swift; sourceTree = "<group>"; };
		04FB430C2816D7C400E74740 /* ApiRest.swift */ = {isa = PBXFileReference; lastKnownFileType = sourcecode.swift; path = ApiRest.swift; sourceTree = "<group>"; };
/* End PBXFileReference section */

/* Begin PBXFrameworksBuildPhase section */
		0404AEE02810B39600E03460 /* Frameworks */ = {
			isa = PBXFrameworksBuildPhase;
			buildActionMask = 2147483647;
			files = (
			);
			runOnlyForDeploymentPostprocessing = 0;
		};
/* End PBXFrameworksBuildPhase section */

/* Begin PBXGroup section */
		0404AEDA2810B39600E03460 = {
			isa = PBXGroup;
			children = (
				0404AEE52810B39600E03460 /* DogCeoChallenge */,
				0404AEE42810B39600E03460 /* Products */,
			);
			sourceTree = "<group>";
		};
		0404AEE42810B39600E03460 /* Products */ = {
			isa = PBXGroup;
			children = (
				0404AEE32810B39600E03460 /* DogCeoChallenge.app */,
			);
			name = Products;
			sourceTree = "<group>";
		};
		0404AEE52810B39600E03460 /* DogCeoChallenge */ = {
			isa = PBXGroup;
			children = (
				044CD196281831A800FBA241 /* Domain */,
				044CD197281831BF00FBA241 /* Data */,
				044CD198281831CC00FBA241 /* Network */,
				0404AEE62810B39600E03460 /* AppDelegate.swift */,
				0404AEEA2810B39600E03460 /* BreedsListViewController.swift */,
				041FC7C32814597B008AF4DA /* BreedsListTableViewCell.swift */,
				047860C4281195D10040E2ED /* DogsPicturesViewController.swift */,
				041FC7C528146381008AF4DA /* DogsPicturesTableViewCell.swift */,
				0404AEFA2810BDBF00E03460 /* UIViewExtension.swift */,
				04CD46B328136715009DEC45 /* UIImageViewExtension.swift */,
				0404AEEF2810B39700E03460 /* Assets.xcassets */,
				0404AEF12810B39700E03460 /* LaunchScreen.storyboard */,
				0404AEF42810B39700E03460 /* Info.plist */,
			);
			path = DogCeoChallenge;
			sourceTree = "<group>";
		};
		044CD196281831A800FBA241 /* Domain */ = {
			isa = PBXGroup;
			children = (
				044CD1992818320D00FBA241 /* Model */,
			);
			path = Domain;
			sourceTree = "<group>";
		};
		044CD197281831BF00FBA241 /* Data */ = {
			isa = PBXGroup;
			children = (
				044CD1A02818352E00FBA241 /* Repository */,
			);
			path = Data;
			sourceTree = "<group>";
		};
		044CD198281831CC00FBA241 /* Network */ = {
			isa = PBXGroup;
			children = (
				044CD1A62818376D00FBA241 /* Model */,
				040CD88C2810EE5A00B57F12 /* APICall.swift */,
				04FB430C2816D7C400E74740 /* ApiRest.swift */,
			);
			path = Network;
			sourceTree = "<group>";
		};
		044CD1992818320D00FBA241 /* Model */ = {
			isa = PBXGroup;
			children = (
				044CD19A2818322E00FBA241 /* BreedsList.swift */,
				044CD19C2818325800FBA241 /* PicturesList.swift */,
				044CD19E2818348700FBA241 /* DomainError.swift */,
			);
			path = Model;
			sourceTree = "<group>";
		};
		044CD1A02818352E00FBA241 /* Repository */ = {
			isa = PBXGroup;
			children = (
				044CD1A12818354100FBA241 /* Datasource */,
			);
			path = Repository;
			sourceTree = "<group>";
		};
		044CD1A12818354100FBA241 /* Datasource */ = {
			isa = PBXGroup;
			children = (
				044CD1A22818357F00FBA241 /* DogRepository.swift */,
				044CD1A42818359D00FBA241 /* DogApiRepository.swift */,
				044CD1A92818440A00FBA241 /* DogDBRepository.swift */,
			);
			path = Datasource;
			sourceTree = "<group>";
		};
		044CD1A62818376D00FBA241 /* Model */ = {
			isa = PBXGroup;
			children = (
				044CD1A7281842FD00FBA241 /* APIError.swift */,
			);
			path = Model;
			sourceTree = "<group>";
		};
/* End PBXGroup section */

/* Begin PBXNativeTarget section */
		0404AEE22810B39600E03460 /* DogCeoChallenge */ = {
			isa = PBXNativeTarget;
			buildConfigurationList = 0404AEF72810B39700E03460 /* Build configuration list for PBXNativeTarget "DogCeoChallenge" */;
			buildPhases = (
				0404AEDF2810B39600E03460 /* Sources */,
				0404AEE02810B39600E03460 /* Frameworks */,
				0404AEE12810B39600E03460 /* Resources */,
			);
			buildRules = (
			);
			dependencies = (
			);
			name = DogCeoChallenge;
			productName = DogCeoChallenge;
			productReference = 0404AEE32810B39600E03460 /* DogCeoChallenge.app */;
			productType = "com.apple.product-type.application";
		};
/* End PBXNativeTarget section */

/* Begin PBXProject section */
		0404AEDB2810B39600E03460 /* Project object */ = {
			isa = PBXProject;
			attributes = {
				BuildIndependentTargetsInParallel = 1;
				LastSwiftUpdateCheck = 1330;
				LastUpgradeCheck = 1330;
				TargetAttributes = {
					0404AEE22810B39600E03460 = {
						CreatedOnToolsVersion = 13.3.1;
					};
				};
			};
			buildConfigurationList = 0404AEDE2810B39600E03460 /* Build configuration list for PBXProject "DogCeoChallenge" */;
			compatibilityVersion = "Xcode 13.0";
			developmentRegion = en;
			hasScannedForEncodings = 0;
			knownRegions = (
				en,
				Base,
			);
			mainGroup = 0404AEDA2810B39600E03460;
			productRefGroup = 0404AEE42810B39600E03460 /* Products */;
			projectDirPath = "";
			projectRoot = "";
			targets = (
				0404AEE22810B39600E03460 /* DogCeoChallenge */,
			);
		};
/* End PBXProject section */

/* Begin PBXResourcesBuildPhase section */
		0404AEE12810B39600E03460 /* Resources */ = {
			isa = PBXResourcesBuildPhase;
			buildActionMask = 2147483647;
			files = (
				0404AEF32810B39700E03460 /* LaunchScreen.storyboard in Resources */,
				0404AEF02810B39700E03460 /* Assets.xcassets in Resources */,
			);
			runOnlyForDeploymentPostprocessing = 0;
		};
/* End PBXResourcesBuildPhase section */

/* Begin PBXSourcesBuildPhase section */
		0404AEDF2810B39600E03460 /* Sources */ = {
			isa = PBXSourcesBuildPhase;
			buildActionMask = 2147483647;
			files = (
				044CD1AA2818440A00FBA241 /* DogDBRepository.swift in Sources */,
				044CD19B2818322E00FBA241 /* BreedsList.swift in Sources */,
				047860C5281195D10040E2ED /* DogsPicturesViewController.swift in Sources */,
				041FC7C628146381008AF4DA /* DogsPicturesTableViewCell.swift in Sources */,
				0404AEFB2810BDBF00E03460 /* UIViewExtension.swift in Sources */,
				044CD19D2818325800FBA241 /* PicturesList.swift in Sources */,
				04CD46B428136715009DEC45 /* UIImageViewExtension.swift in Sources */,
				04FB430D2816D7C400E74740 /* ApiRest.swift in Sources */,
				0404AEEB2810B39600E03460 /* BreedsListViewController.swift in Sources */,
				044CD1A8281842FD00FBA241 /* APIError.swift in Sources */,
				040CD88D2810EE5A00B57F12 /* APICall.swift in Sources */,
				044CD1A52818359D00FBA241 /* DogApiRepository.swift in Sources */,
				0404AEE72810B39600E03460 /* AppDelegate.swift in Sources */,
				044CD19F2818348700FBA241 /* DomainError.swift in Sources */,
				044CD1A32818357F00FBA241 /* DogRepository.swift in Sources */,
				041FC7C42814597B008AF4DA /* BreedsListTableViewCell.swift in Sources */,
			);
			runOnlyForDeploymentPostprocessing = 0;
		};
/* End PBXSourcesBuildPhase section */

/* Begin PBXVariantGroup section */
		0404AEF12810B39700E03460 /* LaunchScreen.storyboard */ = {
			isa = PBXVariantGroup;
			children = (
				0404AEF22810B39700E03460 /* Base */,
			);
			name = LaunchScreen.storyboard;
			sourceTree = "<group>";
		};
/* End PBXVariantGroup section */

/* Begin XCBuildConfiguration section */
		0404AEF52810B39700E03460 /* Debug */ = {
			isa = XCBuildConfiguration;
			buildSettings = {
				ALWAYS_SEARCH_USER_PATHS = NO;
				CLANG_ANALYZER_NONNULL = YES;
				CLANG_ANALYZER_NUMBER_OBJECT_CONVERSION = YES_AGGRESSIVE;
				CLANG_CXX_LANGUAGE_STANDARD = "gnu++17";
				CLANG_ENABLE_MODULES = YES;
				CLANG_ENABLE_OBJC_ARC = YES;
				CLANG_ENABLE_OBJC_WEAK = YES;
				CLANG_WARN_BLOCK_CAPTURE_AUTORELEASING = YES;
				CLANG_WARN_BOOL_CONVERSION = YES;
				CLANG_WARN_COMMA = YES;
				CLANG_WARN_CONSTANT_CONVERSION = YES;
				CLANG_WARN_DEPRECATED_OBJC_IMPLEMENTATIONS = YES;
				CLANG_WARN_DIRECT_OBJC_ISA_USAGE = YES_ERROR;
				CLANG_WARN_DOCUMENTATION_COMMENTS = YES;
				CLANG_WARN_EMPTY_BODY = YES;
				CLANG_WARN_ENUM_CONVERSION = YES;
				CLANG_WARN_INFINITE_RECURSION = YES;
				CLANG_WARN_INT_CONVERSION = YES;
				CLANG_WARN_NON_LITERAL_NULL_CONVERSION = YES;
				CLANG_WARN_OBJC_IMPLICIT_RETAIN_SELF = YES;
				CLANG_WARN_OBJC_LITERAL_CONVERSION = YES;
				CLANG_WARN_OBJC_ROOT_CLASS = YES_ERROR;
				CLANG_WARN_QUOTED_INCLUDE_IN_FRAMEWORK_HEADER = YES;
				CLANG_WARN_RANGE_LOOP_ANALYSIS = YES;
				CLANG_WARN_STRICT_PROTOTYPES = YES;
				CLANG_WARN_SUSPICIOUS_MOVE = YES;
				CLANG_WARN_UNGUARDED_AVAILABILITY = YES_AGGRESSIVE;
				CLANG_WARN_UNREACHABLE_CODE = YES;
				CLANG_WARN__DUPLICATE_METHOD_MATCH = YES;
				COPY_PHASE_STRIP = NO;
				DEBUG_INFORMATION_FORMAT = dwarf;
				ENABLE_STRICT_OBJC_MSGSEND = YES;
				ENABLE_TESTABILITY = YES;
				GCC_C_LANGUAGE_STANDARD = gnu11;
				GCC_DYNAMIC_NO_PIC = NO;
				GCC_NO_COMMON_BLOCKS = YES;
				GCC_OPTIMIZATION_LEVEL = 0;
				GCC_PREPROCESSOR_DEFINITIONS = (
					"DEBUG=1",
					"$(inherited)",
				);
				GCC_WARN_64_TO_32_BIT_CONVERSION = YES;
				GCC_WARN_ABOUT_RETURN_TYPE = YES_ERROR;
				GCC_WARN_UNDECLARED_SELECTOR = YES;
				GCC_WARN_UNINITIALIZED_AUTOS = YES_AGGRESSIVE;
				GCC_WARN_UNUSED_FUNCTION = YES;
				GCC_WARN_UNUSED_VARIABLE = YES;
				IPHONEOS_DEPLOYMENT_TARGET = 15.4;
				MTL_ENABLE_DEBUG_INFO = INCLUDE_SOURCE;
				MTL_FAST_MATH = YES;
				ONLY_ACTIVE_ARCH = YES;
				SDKROOT = iphoneos;
				SWIFT_ACTIVE_COMPILATION_CONDITIONS = DEBUG;
				SWIFT_OPTIMIZATION_LEVEL = "-Onone";
			};
			name = Debug;
		};
		0404AEF62810B39700E03460 /* Release */ = {
			isa = XCBuildConfiguration;
			buildSettings = {
				ALWAYS_SEARCH_USER_PATHS = NO;
				CLANG_ANALYZER_NONNULL = YES;
				CLANG_ANALYZER_NUMBER_OBJECT_CONVERSION = YES_AGGRESSIVE;
				CLANG_CXX_LANGUAGE_STANDARD = "gnu++17";
				CLANG_ENABLE_MODULES = YES;
				CLANG_ENABLE_OBJC_ARC = YES;
				CLANG_ENABLE_OBJC_WEAK = YES;
				CLANG_WARN_BLOCK_CAPTURE_AUTORELEASING = YES;
				CLANG_WARN_BOOL_CONVERSION = YES;
				CLANG_WARN_COMMA = YES;
				CLANG_WARN_CONSTANT_CONVERSION = YES;
				CLANG_WARN_DEPRECATED_OBJC_IMPLEMENTATIONS = YES;
				CLANG_WARN_DIRECT_OBJC_ISA_USAGE = YES_ERROR;
				CLANG_WARN_DOCUMENTATION_COMMENTS = YES;
				CLANG_WARN_EMPTY_BODY = YES;
				CLANG_WARN_ENUM_CONVERSION = YES;
				CLANG_WARN_INFINITE_RECURSION = YES;
				CLANG_WARN_INT_CONVERSION = YES;
				CLANG_WARN_NON_LITERAL_NULL_CONVERSION = YES;
				CLANG_WARN_OBJC_IMPLICIT_RETAIN_SELF = YES;
				CLANG_WARN_OBJC_LITERAL_CONVERSION = YES;
				CLANG_WARN_OBJC_ROOT_CLASS = YES_ERROR;
				CLANG_WARN_QUOTED_INCLUDE_IN_FRAMEWORK_HEADER = YES;
				CLANG_WARN_RANGE_LOOP_ANALYSIS = YES;
				CLANG_WARN_STRICT_PROTOTYPES = YES;
				CLANG_WARN_SUSPICIOUS_MOVE = YES;
				CLANG_WARN_UNGUARDED_AVAILABILITY = YES_AGGRESSIVE;
				CLANG_WARN_UNREACHABLE_CODE = YES;
				CLANG_WARN__DUPLICATE_METHOD_MATCH = YES;
				COPY_PHASE_STRIP = NO;
				DEBUG_INFORMATION_FORMAT = "dwarf-with-dsym";
				ENABLE_NS_ASSERTIONS = NO;
				ENABLE_STRICT_OBJC_MSGSEND = YES;
				GCC_C_LANGUAGE_STANDARD = gnu11;
				GCC_NO_COMMON_BLOCKS = YES;
				GCC_WARN_64_TO_32_BIT_CONVERSION = YES;
				GCC_WARN_ABOUT_RETURN_TYPE = YES_ERROR;
				GCC_WARN_UNDECLARED_SELECTOR = YES;
				GCC_WARN_UNINITIALIZED_AUTOS = YES_AGGRESSIVE;
				GCC_WARN_UNUSED_FUNCTION = YES;
				GCC_WARN_UNUSED_VARIABLE = YES;
				IPHONEOS_DEPLOYMENT_TARGET = 15.4;
				MTL_ENABLE_DEBUG_INFO = NO;
				MTL_FAST_MATH = YES;
				SDKROOT = iphoneos;
				SWIFT_COMPILATION_MODE = wholemodule;
				SWIFT_OPTIMIZATION_LEVEL = "-O";
				VALIDATE_PRODUCT = YES;
			};
			name = Release;
		};
		0404AEF82810B39700E03460 /* Debug */ = {
			isa = XCBuildConfiguration;
			buildSettings = {
				ASSETCATALOG_COMPILER_APPICON_NAME = AppIcon;
				ASSETCATALOG_COMPILER_GLOBAL_ACCENT_COLOR_NAME = AccentColor;
				CODE_SIGN_STYLE = Automatic;
				CURRENT_PROJECT_VERSION = 1;
				DEVELOPMENT_TEAM = JFX2JT5J6B;
				GENERATE_INFOPLIST_FILE = YES;
				INFOPLIST_FILE = DogCeoChallenge/Info.plist;
				INFOPLIST_KEY_UIApplicationSupportsIndirectInputEvents = YES;
				INFOPLIST_KEY_UILaunchStoryboardName = LaunchScreen;
				INFOPLIST_KEY_UIMainStoryboardFile = "";
				INFOPLIST_KEY_UISupportedInterfaceOrientations = "UIInterfaceOrientationPortrait UIInterfaceOrientationLandscapeLeft UIInterfaceOrientationLandscapeRight";
				INFOPLIST_KEY_UISupportedInterfaceOrientations_iPad = "UIInterfaceOrientationPortrait UIInterfaceOrientationPortraitUpsideDown UIInterfaceOrientationLandscapeLeft UIInterfaceOrientationLandscapeRight";
				INFOPLIST_KEY_UISupportedInterfaceOrientations_iPhone = "UIInterfaceOrientationPortrait UIInterfaceOrientationLandscapeLeft UIInterfaceOrientationLandscapeRight";
				LD_RUNPATH_SEARCH_PATHS = (
					"$(inherited)",
					"@executable_path/Frameworks",
				);
				MARKETING_VERSION = 1.0;
				PRODUCT_BUNDLE_IDENTIFIER = com.carlamoralespacheco.DogCeoChallenge;
				PRODUCT_NAME = "$(TARGET_NAME)";
				SWIFT_EMIT_LOC_STRINGS = YES;
				SWIFT_VERSION = 5.0;
				TARGETED_DEVICE_FAMILY = "1,2";
			};
			name = Debug;
		};
		0404AEF92810B39700E03460 /* Release */ = {
			isa = XCBuildConfiguration;
			buildSettings = {
				ASSETCATALOG_COMPILER_APPICON_NAME = AppIcon;
				ASSETCATALOG_COMPILER_GLOBAL_ACCENT_COLOR_NAME = AccentColor;
				CODE_SIGN_STYLE = Automatic;
				CURRENT_PROJECT_VERSION = 1;
				DEVELOPMENT_TEAM = JFX2JT5J6B;
				GENERATE_INFOPLIST_FILE = YES;
				INFOPLIST_FILE = DogCeoChallenge/Info.plist;
				INFOPLIST_KEY_UIApplicationSupportsIndirectInputEvents = YES;
				INFOPLIST_KEY_UILaunchStoryboardName = LaunchScreen;
				INFOPLIST_KEY_UIMainStoryboardFile = "";
				INFOPLIST_KEY_UISupportedInterfaceOrientations = "UIInterfaceOrientationPortrait UIInterfaceOrientationLandscapeLeft UIInterfaceOrientationLandscapeRight";
				INFOPLIST_KEY_UISupportedInterfaceOrientations_iPad = "UIInterfaceOrientationPortrait UIInterfaceOrientationPortraitUpsideDown UIInterfaceOrientationLandscapeLeft UIInterfaceOrientationLandscapeRight";
				INFOPLIST_KEY_UISupportedInterfaceOrientations_iPhone = "UIInterfaceOrientationPortrait UIInterfaceOrientationLandscapeLeft UIInterfaceOrientationLandscapeRight";
				LD_RUNPATH_SEARCH_PATHS = (
					"$(inherited)",
					"@executable_path/Frameworks",
				);
				MARKETING_VERSION = 1.0;
				PRODUCT_BUNDLE_IDENTIFIER = com.carlamoralespacheco.DogCeoChallenge;
				PRODUCT_NAME = "$(TARGET_NAME)";
				SWIFT_EMIT_LOC_STRINGS = YES;
				SWIFT_VERSION = 5.0;
				TARGETED_DEVICE_FAMILY = "1,2";
			};
			name = Release;
		};
/* End XCBuildConfiguration section */

/* Begin XCConfigurationList section */
		0404AEDE2810B39600E03460 /* Build configuration list for PBXProject "DogCeoChallenge" */ = {
			isa = XCConfigurationList;
			buildConfigurations = (
				0404AEF52810B39700E03460 /* Debug */,
				0404AEF62810B39700E03460 /* Release */,
			);
			defaultConfigurationIsVisible = 0;
			defaultConfigurationName = Release;
		};
		0404AEF72810B39700E03460 /* Build configuration list for PBXNativeTarget "DogCeoChallenge" */ = {
			isa = XCConfigurationList;
			buildConfigurations = (
				0404AEF82810B39700E03460 /* Debug */,
				0404AEF92810B39700E03460 /* Release */,
			);
			defaultConfigurationIsVisible = 0;
			defaultConfigurationName = Release;
		};
/* End XCConfigurationList section */
	};
	rootObject = 0404AEDB2810B39600E03460 /* Project object */;
}
